
Microsoft Visual Studio Solution File, Format Version 12.00
# Visual Studio Version 17
VisualStudioVersion = 17.14.36511.14
MinimumVisualStudioVersion = 10.0.40219.1
Project("{2150E333-8FDC-42A3-9474-1A3956D46DE8}") = "Task0", "Task0", "{02EA681E-C7D8-13C7-8484-4AC65E1B71E8}"
EndProject
Project("{FAE04EC0-301F-11D3-BF4B-00C04F79EFBC}") = "Tyuiu.KhafizovTV.Sprint1.Task0.V11", "Tyuiu.KhafizovTV.Sprint1.Task0.V11\Tyuiu.KhafizovTV.Sprint1.Task0.V11.csproj", "{2B2AF073-98D5-4325-8252-77E7C3D2DA49}"
EndProject
Project("{FAE04EC0-301F-11D3-BF4B-00C04F79EFBC}") = "Tyuiu.KhafizovTV.Sprint1.Task0.V11.Lib", "Tyuiu.KhafizovTV.Sprint1.Task0.V11.Lib\Tyuiu.KhafizovTV.Sprint1.Task0.V11.Lib.csproj", "{5DB7EAEB-6AB7-4C8D-8700-672D1DD48599}"
EndProject
Project("{FAE04EC0-301F-11D3-BF4B-00C04F79EFBC}") = "Tyuiu.KhafizovTV.Sprint1.Task0.V11.Test", "Tyuiu.KhafizovTV.Sprint1.Task0.V11.Test\Tyuiu.KhafizovTV.Sprint1.Task0.V11.Test.csproj", "{0864AFE4-D6F4-496A-8D65-72C7807BEA74}"
EndProject
Project("{2150E333-8FDC-42A3-9474-1A3956D46DE8}") = "Task1", "Task1", "{63895616-B01C-4EA2-BFFC-3D1BEE521248}"
EndProject
Project("{FAE04EC0-301F-11D3-BF4B-00C04F79EFBC}") = "Tyuiu.KhafizovTV.Sprint1.Task1.V25", "Tyuiu.KhafizovTV.Sprint1.Task1.V25\Tyuiu.KhafizovTV.Sprint1.Task1.V25.csproj", "{BE09C164-CEB9-2A6E-0449-F2A6671EB0E1}"
EndProject
Project("{FAE04EC0-301F-11D3-BF4B-00C04F79EFBC}") = "Tyuiu.KhafizovTV.Sprint1.Task1.V25.Lib", "Tyuiu.KhafizovTV.Sprint1.Task1.V25.Lib\Tyuiu.KhafizovTV.Sprint1.Task1.V25.Lib.csproj", "{8E070886-7959-9C28-1361-2D9FB7787A0D}"
EndProject
Project("{FAE04EC0-301F-11D3-BF4B-00C04F79EFBC}") = "Tyuiu.KhafizovTV.Sprint1.Task1.V25.Test", "Tyuiu.KhafizovTV.Sprint1.Task1.V25.Test\Tyuiu.KhafizovTV.Sprint1.Task1.V25.Test.csproj", "{0D30AEB8-D027-1102-26FA-DC259068571C}"
EndProject
Project("{2150E333-8FDC-42A3-9474-1A3956D46DE8}") = "Task2", "Task2", "{45131CD5-260E-4B84-9A1E-B775FFCE002C}"
EndProject
Project("{FAE04EC0-301F-11D3-BF4B-00C04F79EFBC}") = "Tyuiu.KhafizovTV.Sprint1.Task2.V28", "Tyuiu.KhafizovTV.Sprint1.Task2.V28\Tyuiu.KhafizovTV.Sprint1.Task2.V28.csproj", "{ABF3E224-22B2-45E4-8C39-EBD999726F4C}"
EndProject
Project("{FAE04EC0-301F-11D3-BF4B-00C04F79EFBC}") = "Tyuiu.KhafizovTV.Sprint1.Task2.V28.Lib", "Tyuiu.KhafizovTV.Sprint1.Task2.V28.Lib\Tyuiu.KhafizovTV.Sprint1.Task2.V28.Lib.csproj", "{895E37A3-701D-4622-93F0-4D44FB0A2964}"
EndProject
Project("{FAE04EC0-301F-11D3-BF4B-00C04F79EFBC}") = "Tyuiu.KhafizovTV.Sprint1.Task2.V28.Test", "Tyuiu.KhafizovTV.Sprint1.Task2.V28.Test\Tyuiu.KhafizovTV.Sprint1.Task2.V28.Test.csproj", "{6E1792BF-1F7C-42D7-988C-17C84781349F}"
EndProject
Global
	GlobalSection(SolutionConfigurationPlatforms) = preSolution
		Debug|Any CPU = Debug|Any CPU
		Release|Any CPU = Release|Any CPU
	EndGlobalSection
	GlobalSection(ProjectConfigurationPlatforms) = postSolution
		{2B2AF073-98D5-4325-8252-77E7C3D2DA49}.Debug|Any CPU.ActiveCfg = Debug|Any CPU
		{2B2AF073-98D5-4325-8252-77E7C3D2DA49}.Debug|Any CPU.Build.0 = Debug|Any CPU
		{2B2AF073-98D5-4325-8252-77E7C3D2DA49}.Release|Any CPU.ActiveCfg = Release|Any CPU
		{2B2AF073-98D5-4325-8252-77E7C3D2DA49}.Release|Any CPU.Build.0 = Release|Any CPU
		{5DB7EAEB-6AB7-4C8D-8700-672D1DD48599}.Debug|Any CPU.ActiveCfg = Debug|Any CPU
		{5DB7EAEB-6AB7-4C8D-8700-672D1DD48599}.Debug|Any CPU.Build.0 = Debug|Any CPU
		{5DB7EAEB-6AB7-4C8D-8700-672D1DD48599}.Release|Any CPU.ActiveCfg = Release|Any CPU
		{5DB7EAEB-6AB7-4C8D-8700-672D1DD48599}.Release|Any CPU.Build.0 = Release|Any CPU
		{0864AFE4-D6F4-496A-8D65-72C7807BEA74}.Debug|Any CPU.ActiveCfg = Debug|Any CPU
		{0864AFE4-D6F4-496A-8D65-72C7807BEA74}.Debug|Any CPU.Build.0 = Debug|Any CPU
		{0864AFE4-D6F4-496A-8D65-72C7807BEA74}.Release|Any CPU.ActiveCfg = Release|Any CPU
		{0864AFE4-D6F4-496A-8D65-72C7807BEA74}.Release|Any CPU.Build.0 = Release|Any CPU
		{BE09C164-CEB9-2A6E-0449-F2A6671EB0E1}.Debug|Any CPU.ActiveCfg = Debug|Any CPU
		{BE09C164-CEB9-2A6E-0449-F2A6671EB0E1}.Debug|Any CPU.Build.0 = Debug|Any CPU
		{BE09C164-CEB9-2A6E-0449-F2A6671EB0E1}.Release|Any CPU.ActiveCfg = Release|Any CPU
		{BE09C164-CEB9-2A6E-0449-F2A6671EB0E1}.Release|Any CPU.Build.0 = Release|Any CPU
		{8E070886-7959-9C28-1361-2D9FB7787A0D}.Debug|Any CPU.ActiveCfg = Debug|Any CPU
		{8E070886-7959-9C28-1361-2D9FB7787A0D}.Debug|Any CPU.Build.0 = Debug|Any CPU
		{8E070886-7959-9C28-1361-2D9FB7787A0D}.Release|Any CPU.ActiveCfg = Release|Any CPU
		{8E070886-7959-9C28-1361-2D9FB7787A0D}.Release|Any CPU.Build.0 = Release|Any CPU
		{0D30AEB8-D027-1102-26FA-DC259068571C}.Debug|Any CPU.ActiveCfg = Debug|Any CPU
		{0D30AEB8-D027-1102-26FA-DC259068571C}.Debug|Any CPU.Build.0 = Debug|Any CPU
		{0D30AEB8-D027-1102-26FA-DC259068571C}.Release|Any CPU.ActiveCfg = Release|Any CPU
		{0D30AEB8-D027-1102-26FA-DC259068571C}.Release|Any CPU.Build.0 = Release|Any CPU
		{ABF3E224-22B2-45E4-8C39-EBD999726F4C}.Debug|Any CPU.ActiveCfg = Debug|Any CPU
		{ABF3E224-22B2-45E4-8C39-EBD999726F4C}.Debug|Any CPU.Build.0 = Debug|Any CPU
		{ABF3E224-22B2-45E4-8C39-EBD999726F4C}.Release|Any CPU.ActiveCfg = Release|Any CPU
		{ABF3E224-22B2-45E4-8C39-EBD999726F4C}.Release|Any CPU.Build.0 = Release|Any CPU
		{895E37A3-701D-4622-93F0-4D44FB0A2964}.Debug|Any CPU.ActiveCfg = Debug|Any CPU
		{895E37A3-701D-4622-93F0-4D44FB0A2964}.Debug|Any CPU.Build.0 = Debug|Any CPU
		{895E37A3-701D-4622-93F0-4D44FB0A2964}.Release|Any CPU.ActiveCfg = Release|Any CPU
		{895E37A3-701D-4622-93F0-4D44FB0A2964}.Release|Any CPU.Build.0 = Release|Any CPU
		{6E1792BF-1F7C-42D7-988C-17C84781349F}.Debug|Any CPU.ActiveCfg = Debug|Any CPU
		{6E1792BF-1F7C-42D7-988C-17C84781349F}.Debug|Any CPU.Build.0 = Debug|Any CPU
		{6E1792BF-1F7C-42D7-988C-17C84781349F}.Release|Any CPU.ActiveCfg = Release|Any CPU
		{6E1792BF-1F7C-42D7-988C-17C84781349F}.Release|Any CPU.Build.0 = Release|Any CPU
	EndGlobalSection
	GlobalSection(SolutionProperties) = preSolution
		HideSolutionNode = FALSE
	EndGlobalSection
	GlobalSection(NestedProjects) = preSolution
		{2B2AF073-98D5-4325-8252-77E7C3D2DA49} = {02EA681E-C7D8-13C7-8484-4AC65E1B71E8}
		{5DB7EAEB-6AB7-4C8D-8700-672D1DD48599} = {02EA681E-C7D8-13C7-8484-4AC65E1B71E8}
		{0864AFE4-D6F4-496A-8D65-72C7807BEA74} = {02EA681E-C7D8-13C7-8484-4AC65E1B71E8}
		{BE09C164-CEB9-2A6E-0449-F2A6671EB0E1} = {63895616-B01C-4EA2-BFFC-3D1BEE521248}
		{8E070886-7959-9C28-1361-2D9FB7787A0D} = {63895616-B01C-4EA2-BFFC-3D1BEE521248}
		{0D30AEB8-D027-1102-26FA-DC259068571C} = {63895616-B01C-4EA2-BFFC-3D1BEE521248}
		{ABF3E224-22B2-45E4-8C39-EBD999726F4C} = {45131CD5-260E-4B84-9A1E-B775FFCE002C}
		{895E37A3-701D-4622-93F0-4D44FB0A2964} = {45131CD5-260E-4B84-9A1E-B775FFCE002C}
		{6E1792BF-1F7C-42D7-988C-17C84781349F} = {45131CD5-260E-4B84-9A1E-B775FFCE002C}
	EndGlobalSection
	GlobalSection(ExtensibilityGlobals) = postSolution
		SolutionGuid = {056F535F-1F4E-4D18-832D-F02672E99FEA}
	EndGlobalSection
EndGlobal
