
Microsoft Visual Studio Solution File, Format Version 12.00
# Visual Studio Version 17
VisualStudioVersion = 17.14.36511.14
MinimumVisualStudioVersion = 10.0.40219.1
Project("{2150E333-8FDC-42A3-9474-1A3956D46DE8}") = "Task0", "Task0", "{02EA681E-C7D8-13C7-8484-4AC65E1B71E8}"
EndProject
Project("{FAE04EC0-301F-11D3-BF4B-00C04F79EFBC}") = "Tyuiu.KhafizovTV.Sprint1.Task0.V11", "Tyuiu.KhafizovTV.Sprint1.Task0.V11\Tyuiu.KhafizovTV.Sprint1.Task0.V11.csproj", "{2B2AF073-98D5-4325-8252-77E7C3D2DA49}"
EndProject
Project("{FAE04EC0-301F-11D3-BF4B-00C04F79EFBC}") = "Tyuiu.KhafizovTV.Sprint1.Task0.V11.Lib", "Tyuiu.KhafizovTV.Sprint1.Task0.V11.Lib\Tyuiu.KhafizovTV.Sprint1.Task0.V11.Lib.csproj", "{5DB7EAEB-6AB7-4C8D-8700-672D1DD48599}"
EndProject
Project("{FAE04EC0-301F-11D3-BF4B-00C04F79EFBC}") = "Tyuiu.KhafizovTV.Sprint1.Task0.V11.Test", "Tyuiu.KhafizovTV.Sprint1.Task0.V11.Test\Tyuiu.KhafizovTV.Sprint1.Task0.V11.Test.csproj", "{0864AFE4-D6F4-496A-8D65-72C7807BEA74}"
EndProject
Project("{2150E333-8FDC-42A3-9474-1A3956D46DE8}") = "Task1", "Task1", "{63895616-B01C-4EA2-BFFC-3D1BEE521248}"
EndProject
Project("{FAE04EC0-301F-11D3-BF4B-00C04F79EFBC}") = "Tyuiu.KhafizovTV.Sprint1.Task1.V25", "Tyuiu.KhafizovTV.Sprint1.Task1.V11\Tyuiu.KhafizovTV.Sprint1.Task1.V25.csproj", "{C5C202E4-B113-4C4B-A36E-411B1A03EE76}"
EndProject
Project("{FAE04EC0-301F-11D3-BF4B-00C04F79EFBC}") = "Tyuiu.KhafizovTV.Sprint1.Task1.V25.Lib", "Tyuiu.KhafizovTV.Sprint1.Task1.V11.Lib\Tyuiu.KhafizovTV.Sprint1.Task1.V25.Lib.csproj", "{4C7F03ED-4751-4E33-BD93-E304591CE731}"
EndProject
Project("{FAE04EC0-301F-11D3-BF4B-00C04F79EFBC}") = "Tyuiu.KhafizovTV.Sprint1.Task1.V25.Test", "Tyuiu.KhafizovTV.Sprint1.Task1.V11.Test\Tyuiu.KhafizovTV.Sprint1.Task1.V25.Test.csproj", "{98D76631-F40E-4FE8-A020-2C927A99C2A3}"
EndProject
Global
	GlobalSection(SolutionConfigurationPlatforms) = preSolution
		Debug|Any CPU = Debug|Any CPU
		Release|Any CPU = Release|Any CPU
	EndGlobalSection
	GlobalSection(ProjectConfigurationPlatforms) = postSolution
		{2B2AF073-98D5-4325-8252-77E7C3D2DA49}.Debug|Any CPU.ActiveCfg = Debug|Any CPU
		{2B2AF073-98D5-4325-8252-77E7C3D2DA49}.Debug|Any CPU.Build.0 = Debug|Any CPU
		{2B2AF073-98D5-4325-8252-77E7C3D2DA49}.Release|Any CPU.ActiveCfg = Release|Any CPU
		{2B2AF073-98D5-4325-8252-77E7C3D2DA49}.Release|Any CPU.Build.0 = Release|Any CPU
		{5DB7EAEB-6AB7-4C8D-8700-672D1DD48599}.Debug|Any CPU.ActiveCfg = Debug|Any CPU
		{5DB7EAEB-6AB7-4C8D-8700-672D1DD48599}.Debug|Any CPU.Build.0 = Debug|Any CPU
		{5DB7EAEB-6AB7-4C8D-8700-672D1DD48599}.Release|Any CPU.ActiveCfg = Release|Any CPU
		{5DB7EAEB-6AB7-4C8D-8700-672D1DD48599}.Release|Any CPU.Build.0 = Release|Any CPU
		{0864AFE4-D6F4-496A-8D65-72C7807BEA74}.Debug|Any CPU.ActiveCfg = Debug|Any CPU
		{0864AFE4-D6F4-496A-8D65-72C7807BEA74}.Debug|Any CPU.Build.0 = Debug|Any CPU
		{0864AFE4-D6F4-496A-8D65-72C7807BEA74}.Release|Any CPU.ActiveCfg = Release|Any CPU
		{0864AFE4-D6F4-496A-8D65-72C7807BEA74}.Release|Any CPU.Build.0 = Release|Any CPU
		{C5C202E4-B113-4C4B-A36E-411B1A03EE76}.Debug|Any CPU.ActiveCfg = Debug|Any CPU
		{C5C202E4-B113-4C4B-A36E-411B1A03EE76}.Debug|Any CPU.Build.0 = Debug|Any CPU
		{C5C202E4-B113-4C4B-A36E-411B1A03EE76}.Release|Any CPU.ActiveCfg = Release|Any CPU
		{C5C202E4-B113-4C4B-A36E-411B1A03EE76}.Release|Any CPU.Build.0 = Release|Any CPU
		{4C7F03ED-4751-4E33-BD93-E304591CE731}.Debug|Any CPU.ActiveCfg = Debug|Any CPU
		{4C7F03ED-4751-4E33-BD93-E304591CE731}.Debug|Any CPU.Build.0 = Debug|Any CPU
		{4C7F03ED-4751-4E33-BD93-E304591CE731}.Release|Any CPU.ActiveCfg = Release|Any CPU
		{4C7F03ED-4751-4E33-BD93-E304591CE731}.Release|Any CPU.Build.0 = Release|Any CPU
		{98D76631-F40E-4FE8-A020-2C927A99C2A3}.Debug|Any CPU.ActiveCfg = Debug|Any CPU
		{98D76631-F40E-4FE8-A020-2C927A99C2A3}.Debug|Any CPU.Build.0 = Debug|Any CPU
		{98D76631-F40E-4FE8-A020-2C927A99C2A3}.Release|Any CPU.ActiveCfg = Release|Any CPU
		{98D76631-F40E-4FE8-A020-2C927A99C2A3}.Release|Any CPU.Build.0 = Release|Any CPU
	EndGlobalSection
	GlobalSection(SolutionProperties) = preSolution
		HideSolutionNode = FALSE
	EndGlobalSection
	GlobalSection(NestedProjects) = preSolution
		{2B2AF073-98D5-4325-8252-77E7C3D2DA49} = {02EA681E-C7D8-13C7-8484-4AC65E1B71E8}
		{5DB7EAEB-6AB7-4C8D-8700-672D1DD48599} = {02EA681E-C7D8-13C7-8484-4AC65E1B71E8}
		{0864AFE4-D6F4-496A-8D65-72C7807BEA74} = {02EA681E-C7D8-13C7-8484-4AC65E1B71E8}
		{C5C202E4-B113-4C4B-A36E-411B1A03EE76} = {63895616-B01C-4EA2-BFFC-3D1BEE521248}
		{4C7F03ED-4751-4E33-BD93-E304591CE731} = {63895616-B01C-4EA2-BFFC-3D1BEE521248}
		{98D76631-F40E-4FE8-A020-2C927A99C2A3} = {63895616-B01C-4EA2-BFFC-3D1BEE521248}
	EndGlobalSection
	GlobalSection(ExtensibilityGlobals) = postSolution
		SolutionGuid = {056F535F-1F4E-4D18-832D-F02672E99FEA}
	EndGlobalSection
EndGlobal
